
Microsoft Visual Studio Solution File, Format Version 12.00
# Visual Studio Version 16
VisualStudioVersion = 16.0.30907.101
MinimumVisualStudioVersion = 10.0.40219.1
Project("{9A19103F-16F7-4668-BE54-9A1E7A4F7556}") = "Business", "Business\Business.csproj", "{0F716073-BCEC-44E3-AD84-E0A096FE2F86}"
EndProject
Project("{9A19103F-16F7-4668-BE54-9A1E7A4F7556}") = "DataAccess", "DataAccess\DataAccess.csproj", "{898BB3F7-8E54-48B3-8F95-13BAD49FE906}"
EndProject
Project("{9A19103F-16F7-4668-BE54-9A1E7A4F7556}") = "Entities", "Entities\Entities.csproj", "{68468EB8-0372-4AFA-A043-D548576C05E5}"
EndProject
Project("{9A19103F-16F7-4668-BE54-9A1E7A4F7556}") = "ConsoleUI", "ConsoleUI\ConsoleUI.csproj", "{6C6381FC-C1A7-4080-9E70-450BFDC9B6B7}"
EndProject
Project("{9A19103F-16F7-4668-BE54-9A1E7A4F7556}") = "Core", "Core\Core.csproj", "{41A93CE8-DB32-4FF3-B524-77C767424E6E}"
EndProject
Project("{FAE04EC0-301F-11D3-BF4B-00C04F79EFBC}") = "WebAPI", "WebAPI\WebAPI.csproj", "{5031F24E-245B-4205-86D9-DC411881EE38}"
EndProject
Global
	GlobalSection(SolutionConfigurationPlatforms) = preSolution
		Debug|Any CPU = Debug|Any CPU
		Release|Any CPU = Release|Any CPU
	EndGlobalSection
	GlobalSection(ProjectConfigurationPlatforms) = postSolution
		{0F716073-BCEC-44E3-AD84-E0A096FE2F86}.Debug|Any CPU.ActiveCfg = Debug|Any CPU
		{0F716073-BCEC-44E3-AD84-E0A096FE2F86}.Debug|Any CPU.Build.0 = Debug|Any CPU
		{0F716073-BCEC-44E3-AD84-E0A096FE2F86}.Release|Any CPU.ActiveCfg = Release|Any CPU
		{0F716073-BCEC-44E3-AD84-E0A096FE2F86}.Release|Any CPU.Build.0 = Release|Any CPU
		{898BB3F7-8E54-48B3-8F95-13BAD49FE906}.Debug|Any CPU.ActiveCfg = Debug|Any CPU
		{898BB3F7-8E54-48B3-8F95-13BAD49FE906}.Debug|Any CPU.Build.0 = Debug|Any CPU
		{898BB3F7-8E54-48B3-8F95-13BAD49FE906}.Release|Any CPU.ActiveCfg = Release|Any CPU
		{898BB3F7-8E54-48B3-8F95-13BAD49FE906}.Release|Any CPU.Build.0 = Release|Any CPU
		{68468EB8-0372-4AFA-A043-D548576C05E5}.Debug|Any CPU.ActiveCfg = Debug|Any CPU
		{68468EB8-0372-4AFA-A043-D548576C05E5}.Debug|Any CPU.Build.0 = Debug|Any CPU
		{68468EB8-0372-4AFA-A043-D548576C05E5}.Release|Any CPU.ActiveCfg = Release|Any CPU
		{68468EB8-0372-4AFA-A043-D548576C05E5}.Release|Any CPU.Build.0 = Release|Any CPU
		{6C6381FC-C1A7-4080-9E70-450BFDC9B6B7}.Debug|Any CPU.ActiveCfg = Debug|Any CPU
		{6C6381FC-C1A7-4080-9E70-450BFDC9B6B7}.Debug|Any CPU.Build.0 = Debug|Any CPU
		{6C6381FC-C1A7-4080-9E70-450BFDC9B6B7}.Release|Any CPU.ActiveCfg = Release|Any CPU
		{6C6381FC-C1A7-4080-9E70-450BFDC9B6B7}.Release|Any CPU.Build.0 = Release|Any CPU
		{41A93CE8-DB32-4FF3-B524-77C767424E6E}.Debug|Any CPU.ActiveCfg = Debug|Any CPU
		{41A93CE8-DB32-4FF3-B524-77C767424E6E}.Debug|Any CPU.Build.0 = Debug|Any CPU
		{41A93CE8-DB32-4FF3-B524-77C767424E6E}.Release|Any CPU.ActiveCfg = Release|Any CPU
		{41A93CE8-DB32-4FF3-B524-77C767424E6E}.Release|Any CPU.Build.0 = Release|Any CPU
		{5031F24E-245B-4205-86D9-DC411881EE38}.Debug|Any CPU.ActiveCfg = Debug|Any CPU
		{5031F24E-245B-4205-86D9-DC411881EE38}.Debug|Any CPU.Build.0 = Debug|Any CPU
		{5031F24E-245B-4205-86D9-DC411881EE38}.Release|Any CPU.ActiveCfg = Release|Any CPU
		{5031F24E-245B-4205-86D9-DC411881EE38}.Release|Any CPU.Build.0 = Release|Any CPU
	EndGlobalSection
	GlobalSection(SolutionProperties) = preSolution
		HideSolutionNode = FALSE
	EndGlobalSection
	GlobalSection(ExtensibilityGlobals) = postSolution
		SolutionGuid = {354C9C72-7F06-4A76-9571-EEC4E8777130}
	EndGlobalSection
EndGlobal
